
Microsoft Visual Studio Solution File, Format Version 12.00
# Visual Studio Version 17
VisualStudioVersion = 17.7.34031.279
MinimumVisualStudioVersion = 10.0.40219.1
Project("{E53339B2-1760-4266-BCC7-CA923CBCF16C}") = "Demo.DockerCompose", "AspNet.KickStarter.Demo\DockerCompose\Demo.DockerCompose.dcproj", "{7B5F5B83-2282-49F1-B6EB-A88EA049CE7B}"
EndProject
Project("{9A19103F-16F7-4668-BE54-9A1E7A4F7556}") = "AspNet.KickStarter", "AspNet.KickStarter\AspNet.KickStarter.csproj", "{FE8AC0AC-E20C-4701-98B4-7400E1C0CA5A}"
EndProject
Project("{9A19103F-16F7-4668-BE54-9A1E7A4F7556}") = "AspNet.KickStarter.CQRS.Abstractions", "AspNet.KickStarter.CQRS.Abstractions\AspNet.KickStarter.CQRS.Abstractions.csproj", "{1615AB29-CB50-445D-825C-34918CBBE28A}"
EndProject
Project("{9A19103F-16F7-4668-BE54-9A1E7A4F7556}") = "AspNet.KickStarter.Demo", "AspNet.KickStarter.Demo\AspNet.KickStarter.Demo.csproj", "{55E0032A-E143-41FB-A7CE-D11C087EFFCA}"
EndProject
Project("{9A19103F-16F7-4668-BE54-9A1E7A4F7556}") = "AspNet.KickStarter.Tests", "AspNet.KickStarter.Tests\AspNet.KickStarter.Tests.csproj", "{D8E650B1-3891-4AD9-A9EE-71E85E2128B9}"
EndProject
Global
	GlobalSection(SolutionConfigurationPlatforms) = preSolution
		Debug|Any CPU = Debug|Any CPU
		Release|Any CPU = Release|Any CPU
	EndGlobalSection
	GlobalSection(ProjectConfigurationPlatforms) = postSolution
		{7B5F5B83-2282-49F1-B6EB-A88EA049CE7B}.Debug|Any CPU.ActiveCfg = Debug|Any CPU
		{7B5F5B83-2282-49F1-B6EB-A88EA049CE7B}.Debug|Any CPU.Build.0 = Debug|Any CPU
		{7B5F5B83-2282-49F1-B6EB-A88EA049CE7B}.Release|Any CPU.ActiveCfg = Release|Any CPU
		{7B5F5B83-2282-49F1-B6EB-A88EA049CE7B}.Release|Any CPU.Build.0 = Release|Any CPU
		{FE8AC0AC-E20C-4701-98B4-7400E1C0CA5A}.Debug|Any CPU.ActiveCfg = Debug|Any CPU
		{FE8AC0AC-E20C-4701-98B4-7400E1C0CA5A}.Debug|Any CPU.Build.0 = Debug|Any CPU
		{FE8AC0AC-E20C-4701-98B4-7400E1C0CA5A}.Release|Any CPU.ActiveCfg = Release|Any CPU
		{FE8AC0AC-E20C-4701-98B4-7400E1C0CA5A}.Release|Any CPU.Build.0 = Release|Any CPU
		{1615AB29-CB50-445D-825C-34918CBBE28A}.Debug|Any CPU.ActiveCfg = Debug|Any CPU
		{1615AB29-CB50-445D-825C-34918CBBE28A}.Debug|Any CPU.Build.0 = Debug|Any CPU
		{1615AB29-CB50-445D-825C-34918CBBE28A}.Release|Any CPU.ActiveCfg = Release|Any CPU
		{1615AB29-CB50-445D-825C-34918CBBE28A}.Release|Any CPU.Build.0 = Release|Any CPU
		{55E0032A-E143-41FB-A7CE-D11C087EFFCA}.Debug|Any CPU.ActiveCfg = Debug|Any CPU
		{55E0032A-E143-41FB-A7CE-D11C087EFFCA}.Debug|Any CPU.Build.0 = Debug|Any CPU
		{55E0032A-E143-41FB-A7CE-D11C087EFFCA}.Release|Any CPU.ActiveCfg = Release|Any CPU
		{55E0032A-E143-41FB-A7CE-D11C087EFFCA}.Release|Any CPU.Build.0 = Release|Any CPU
		{D8E650B1-3891-4AD9-A9EE-71E85E2128B9}.Debug|Any CPU.ActiveCfg = Debug|Any CPU
		{D8E650B1-3891-4AD9-A9EE-71E85E2128B9}.Debug|Any CPU.Build.0 = Debug|Any CPU
		{D8E650B1-3891-4AD9-A9EE-71E85E2128B9}.Release|Any CPU.ActiveCfg = Release|Any CPU
		{D8E650B1-3891-4AD9-A9EE-71E85E2128B9}.Release|Any CPU.Build.0 = Release|Any CPU
	EndGlobalSection
	GlobalSection(SolutionProperties) = preSolution
		HideSolutionNode = FALSE
	EndGlobalSection
	GlobalSection(ExtensibilityGlobals) = postSolution
		SolutionGuid = {7DE53B83-67D6-41F8-87FD-A3FC7A3521EB}
	EndGlobalSection
EndGlobal
